
Microsoft Visual Studio Solution File, Format Version 12.00
# Visual Studio 2013
VisualStudioVersion = 12.0.21005.1
MinimumVisualStudioVersion = 10.0.40219.1
Project("{FAE04EC0-301F-11D3-BF4B-00C04F79EFBC}") = "01.SumOf3Numbers", "SumOf3Numbers\01.SumOf3Numbers.csproj", "{8DA1D588-D65E-4397-840F-6D589B10BEA5}"
EndProject
Project("{FAE04EC0-301F-11D3-BF4B-00C04F79EFBC}") = "02.PrintCompanyInformation", "PrintCompanyInformation\02.PrintCompanyInformation.csproj", "{28F32F6A-D264-4BB3-994E-405484F4E152}"
EndProject
Project("{FAE04EC0-301F-11D3-BF4B-00C04F79EFBC}") = "03.CirclePerimeterAndArea", "CirclePerimeterAndArea\03.CirclePerimeterAndArea.csproj", "{5CE9F087-7F52-4CF7-8E45-F220F2D00A41}"
EndProject
Project("{FAE04EC0-301F-11D3-BF4B-00C04F79EFBC}") = "04.NumberComparer", "NumberComparer\04.NumberComparer.csproj", "{8E05FDED-BF70-4703-8E79-71FC44261030}"
EndProject
Project("{FAE04EC0-301F-11D3-BF4B-00C04F79EFBC}") = "05.FormattingNumbers", "FormattingNumbers\05.FormattingNumbers.csproj", "{0DE5F2CD-5235-43D7-9FEF-2E3F5BDF7F15}"
EndProject
Project("{FAE04EC0-301F-11D3-BF4B-00C04F79EFBC}") = "06.QuadraticEquation", "QuadraticEquation\06.QuadraticEquation.csproj", "{BAE19319-A4A6-437F-8C53-2DB9889916AB}"
EndProject
Project("{FAE04EC0-301F-11D3-BF4B-00C04F79EFBC}") = "07.SumOf5Numbers", "SumOf5Numbers\07.SumOf5Numbers.csproj", "{A9573290-1281-4DF8-857C-7894E4E79ADF}"
EndProject
Project("{FAE04EC0-301F-11D3-BF4B-00C04F79EFBC}") = "08.NumbersFrom1ToN", "NumbersFrom1ToN\08.NumbersFrom1ToN.csproj", "{73DADEB2-8D38-47F5-B4C8-BCB547EE7F9E}"
EndProject
Project("{FAE04EC0-301F-11D3-BF4B-00C04F79EFBC}") = "09.SumOfNNumbers", "SumOfNNumbers\09.SumOfNNumbers.csproj", "{C531B850-011A-4A0F-AA6B-0D8E2EEC11AB}"
EndProject
Project("{FAE04EC0-301F-11D3-BF4B-00C04F79EFBC}") = "10.FibonacciNumbers", "FibonacciNumbers\10.FibonacciNumbers.csproj", "{E965DB13-55BC-4D5B-9E9A-7F61783246EB}"
EndProject
Project("{FAE04EC0-301F-11D3-BF4B-00C04F79EFBC}") = "11.NumbersInIntervalDividableByGivenN", "NumbersInIntervalDividableByGivenN\11.NumbersInIntervalDividableByGivenN.csproj", "{F0CDCEB3-A070-43BA-8367-813019835A0A}"
EndProject
Global
	GlobalSection(SolutionConfigurationPlatforms) = preSolution
		Debug|Any CPU = Debug|Any CPU
		Release|Any CPU = Release|Any CPU
	EndGlobalSection
	GlobalSection(ProjectConfigurationPlatforms) = postSolution
		{8DA1D588-D65E-4397-840F-6D589B10BEA5}.Debug|Any CPU.ActiveCfg = Debug|Any CPU
		{8DA1D588-D65E-4397-840F-6D589B10BEA5}.Debug|Any CPU.Build.0 = Debug|Any CPU
		{8DA1D588-D65E-4397-840F-6D589B10BEA5}.Release|Any CPU.ActiveCfg = Release|Any CPU
		{8DA1D588-D65E-4397-840F-6D589B10BEA5}.Release|Any CPU.Build.0 = Release|Any CPU
		{28F32F6A-D264-4BB3-994E-405484F4E152}.Debug|Any CPU.ActiveCfg = Debug|Any CPU
		{28F32F6A-D264-4BB3-994E-405484F4E152}.Debug|Any CPU.Build.0 = Debug|Any CPU
		{28F32F6A-D264-4BB3-994E-405484F4E152}.Release|Any CPU.ActiveCfg = Release|Any CPU
		{28F32F6A-D264-4BB3-994E-405484F4E152}.Release|Any CPU.Build.0 = Release|Any CPU
		{5CE9F087-7F52-4CF7-8E45-F220F2D00A41}.Debug|Any CPU.ActiveCfg = Debug|Any CPU
		{5CE9F087-7F52-4CF7-8E45-F220F2D00A41}.Debug|Any CPU.Build.0 = Debug|Any CPU
		{5CE9F087-7F52-4CF7-8E45-F220F2D00A41}.Release|Any CPU.ActiveCfg = Release|Any CPU
		{5CE9F087-7F52-4CF7-8E45-F220F2D00A41}.Release|Any CPU.Build.0 = Release|Any CPU
		{8E05FDED-BF70-4703-8E79-71FC44261030}.Debug|Any CPU.ActiveCfg = Debug|Any CPU
		{8E05FDED-BF70-4703-8E79-71FC44261030}.Debug|Any CPU.Build.0 = Debug|Any CPU
		{8E05FDED-BF70-4703-8E79-71FC44261030}.Release|Any CPU.ActiveCfg = Release|Any CPU
		{8E05FDED-BF70-4703-8E79-71FC44261030}.Release|Any CPU.Build.0 = Release|Any CPU
		{0DE5F2CD-5235-43D7-9FEF-2E3F5BDF7F15}.Debug|Any CPU.ActiveCfg = Debug|Any CPU
		{0DE5F2CD-5235-43D7-9FEF-2E3F5BDF7F15}.Debug|Any CPU.Build.0 = Debug|Any CPU
		{0DE5F2CD-5235-43D7-9FEF-2E3F5BDF7F15}.Release|Any CPU.ActiveCfg = Release|Any CPU
		{0DE5F2CD-5235-43D7-9FEF-2E3F5BDF7F15}.Release|Any CPU.Build.0 = Release|Any CPU
		{BAE19319-A4A6-437F-8C53-2DB9889916AB}.Debug|Any CPU.ActiveCfg = Debug|Any CPU
		{BAE19319-A4A6-437F-8C53-2DB9889916AB}.Debug|Any CPU.Build.0 = Debug|Any CPU
		{BAE19319-A4A6-437F-8C53-2DB9889916AB}.Release|Any CPU.ActiveCfg = Release|Any CPU
		{BAE19319-A4A6-437F-8C53-2DB9889916AB}.Release|Any CPU.Build.0 = Release|Any CPU
		{A9573290-1281-4DF8-857C-7894E4E79ADF}.Debug|Any CPU.ActiveCfg = Debug|Any CPU
		{A9573290-1281-4DF8-857C-7894E4E79ADF}.Debug|Any CPU.Build.0 = Debug|Any CPU
		{A9573290-1281-4DF8-857C-7894E4E79ADF}.Release|Any CPU.ActiveCfg = Release|Any CPU
		{A9573290-1281-4DF8-857C-7894E4E79ADF}.Release|Any CPU.Build.0 = Release|Any CPU
		{73DADEB2-8D38-47F5-B4C8-BCB547EE7F9E}.Debug|Any CPU.ActiveCfg = Debug|Any CPU
		{73DADEB2-8D38-47F5-B4C8-BCB547EE7F9E}.Debug|Any CPU.Build.0 = Debug|Any CPU
		{73DADEB2-8D38-47F5-B4C8-BCB547EE7F9E}.Release|Any CPU.ActiveCfg = Release|Any CPU
		{73DADEB2-8D38-47F5-B4C8-BCB547EE7F9E}.Release|Any CPU.Build.0 = Release|Any CPU
		{C531B850-011A-4A0F-AA6B-0D8E2EEC11AB}.Debug|Any CPU.ActiveCfg = Debug|Any CPU
		{C531B850-011A-4A0F-AA6B-0D8E2EEC11AB}.Debug|Any CPU.Build.0 = Debug|Any CPU
		{C531B850-011A-4A0F-AA6B-0D8E2EEC11AB}.Release|Any CPU.ActiveCfg = Release|Any CPU
		{C531B850-011A-4A0F-AA6B-0D8E2EEC11AB}.Release|Any CPU.Build.0 = Release|Any CPU
		{E965DB13-55BC-4D5B-9E9A-7F61783246EB}.Debug|Any CPU.ActiveCfg = Debug|Any CPU
		{E965DB13-55BC-4D5B-9E9A-7F61783246EB}.Debug|Any CPU.Build.0 = Debug|Any CPU
		{E965DB13-55BC-4D5B-9E9A-7F61783246EB}.Release|Any CPU.ActiveCfg = Release|Any CPU
		{E965DB13-55BC-4D5B-9E9A-7F61783246EB}.Release|Any CPU.Build.0 = Release|Any CPU
		{F0CDCEB3-A070-43BA-8367-813019835A0A}.Debug|Any CPU.ActiveCfg = Debug|Any CPU
		{F0CDCEB3-A070-43BA-8367-813019835A0A}.Debug|Any CPU.Build.0 = Debug|Any CPU
		{F0CDCEB3-A070-43BA-8367-813019835A0A}.Release|Any CPU.ActiveCfg = Release|Any CPU
		{F0CDCEB3-A070-43BA-8367-813019835A0A}.Release|Any CPU.Build.0 = Release|Any CPU
	EndGlobalSection
	GlobalSection(SolutionProperties) = preSolution
		HideSolutionNode = FALSE
	EndGlobalSection
EndGlobal
