
Microsoft Visual Studio Solution File, Format Version 12.00
# Visual Studio 2013
VisualStudioVersion = 12.0.21005.1
MinimumVisualStudioVersion = 10.0.40219.1
Project("{FAE04EC0-301F-11D3-BF4B-00C04F79EFBC}") = "01.AllocateArray", "AllocateArray\01.AllocateArray.csproj", "{62724F98-FA4D-4036-998F-7A7B5197B6BA}"
EndProject
Project("{FAE04EC0-301F-11D3-BF4B-00C04F79EFBC}") = "02.CompareArrays", "CompareArrays\02.CompareArrays.csproj", "{1E315901-556A-40BA-B11D-BFD6D81482A0}"
EndProject
Project("{FAE04EC0-301F-11D3-BF4B-00C04F79EFBC}") = "03.CompareCharArrays", "CompareCharArrays\03.CompareCharArrays.csproj", "{A25994F5-8E27-42A7-9E2E-5CC71DFBFA16}"
EndProject
Project("{FAE04EC0-301F-11D3-BF4B-00C04F79EFBC}") = "04.MaximalSequence", "MaximalSequence\04.MaximalSequence.csproj", "{BB8B42FE-8C79-46AF-9FC9-8EDA5117D2D8}"
EndProject
Project("{FAE04EC0-301F-11D3-BF4B-00C04F79EFBC}") = "05.MaximalIncreasingSequence", "MaximalIncreasingSequence\05.MaximalIncreasingSequence.csproj", "{8B151F4A-513A-484E-A7E8-72A23D8EF8D2}"
EndProject
Project("{FAE04EC0-301F-11D3-BF4B-00C04F79EFBC}") = "06.MaximalKSum", "MaximalKSum\06.MaximalKSum.csproj", "{F17F6328-079F-4CBF-A987-E26ABEDD43F8}"
EndProject
Project("{FAE04EC0-301F-11D3-BF4B-00C04F79EFBC}") = "07.SelectionSort", "SelectionSort\07.SelectionSort.csproj", "{4FFEC044-3758-4D9A-A035-3EEE6869E763}"
EndProject
Project("{FAE04EC0-301F-11D3-BF4B-00C04F79EFBC}") = "08.MaximalSum", "MaximalSum\08.MaximalSum.csproj", "{993B99DC-8D42-41CD-834B-97B3677B837D}"
EndProject
Project("{FAE04EC0-301F-11D3-BF4B-00C04F79EFBC}") = "09.FrequentNumber", "FrequentNumber\09.FrequentNumber.csproj", "{18D24E0D-26D0-49D6-823E-B120A86FB6BE}"
EndProject
Project("{FAE04EC0-301F-11D3-BF4B-00C04F79EFBC}") = "10.FindSumInArray", "FindSumInArray\10.FindSumInArray.csproj", "{8FDF78EF-DE4A-47DF-9D01-7C7A488A28CD}"
EndProject
Project("{FAE04EC0-301F-11D3-BF4B-00C04F79EFBC}") = "11.BinarySearch", "BinarySearch\11.BinarySearch.csproj", "{9EC2DC95-D5F3-46DB-AD95-CFA9F549F35E}"
EndProject
Project("{FAE04EC0-301F-11D3-BF4B-00C04F79EFBC}") = "12.IndexOfLetters", "IndexOfLetters\12.IndexOfLetters.csproj", "{7CB82DB2-6CE8-48B7-BEE4-7319C67860A1}"
EndProject
Project("{FAE04EC0-301F-11D3-BF4B-00C04F79EFBC}") = "13.MergeSort", "MergeSort\13.MergeSort.csproj", "{EC7B981F-7C31-44FF-BE57-1A1116CA588A}"
EndProject
Project("{FAE04EC0-301F-11D3-BF4B-00C04F79EFBC}") = "14.QuickSort", "QuickSort\14.QuickSort.csproj", "{C04A4EA8-0B27-4545-B2A3-BFF0AE97E65F}"
EndProject
Project("{FAE04EC0-301F-11D3-BF4B-00C04F79EFBC}") = "15.PrimeNumbers", "PrimeNumbers\15.PrimeNumbers.csproj", "{04C07285-FD79-4695-852E-05B7ECE3BAAB}"
EndProject
Project("{FAE04EC0-301F-11D3-BF4B-00C04F79EFBC}") = "16.SubsetWithSumS", "SubsetWithSumS\16.SubsetWithSumS.csproj", "{06B4FCE6-9A88-404C-923B-E5B54E972A56}"
EndProject
Global
	GlobalSection(SolutionConfigurationPlatforms) = preSolution
		Debug|Any CPU = Debug|Any CPU
		Release|Any CPU = Release|Any CPU
	EndGlobalSection
	GlobalSection(ProjectConfigurationPlatforms) = postSolution
		{62724F98-FA4D-4036-998F-7A7B5197B6BA}.Debug|Any CPU.ActiveCfg = Debug|Any CPU
		{62724F98-FA4D-4036-998F-7A7B5197B6BA}.Debug|Any CPU.Build.0 = Debug|Any CPU
		{62724F98-FA4D-4036-998F-7A7B5197B6BA}.Release|Any CPU.ActiveCfg = Release|Any CPU
		{62724F98-FA4D-4036-998F-7A7B5197B6BA}.Release|Any CPU.Build.0 = Release|Any CPU
		{1E315901-556A-40BA-B11D-BFD6D81482A0}.Debug|Any CPU.ActiveCfg = Debug|Any CPU
		{1E315901-556A-40BA-B11D-BFD6D81482A0}.Debug|Any CPU.Build.0 = Debug|Any CPU
		{1E315901-556A-40BA-B11D-BFD6D81482A0}.Release|Any CPU.ActiveCfg = Release|Any CPU
		{1E315901-556A-40BA-B11D-BFD6D81482A0}.Release|Any CPU.Build.0 = Release|Any CPU
		{A25994F5-8E27-42A7-9E2E-5CC71DFBFA16}.Debug|Any CPU.ActiveCfg = Debug|Any CPU
		{A25994F5-8E27-42A7-9E2E-5CC71DFBFA16}.Debug|Any CPU.Build.0 = Debug|Any CPU
		{A25994F5-8E27-42A7-9E2E-5CC71DFBFA16}.Release|Any CPU.ActiveCfg = Release|Any CPU
		{A25994F5-8E27-42A7-9E2E-5CC71DFBFA16}.Release|Any CPU.Build.0 = Release|Any CPU
		{BB8B42FE-8C79-46AF-9FC9-8EDA5117D2D8}.Debug|Any CPU.ActiveCfg = Debug|Any CPU
		{BB8B42FE-8C79-46AF-9FC9-8EDA5117D2D8}.Debug|Any CPU.Build.0 = Debug|Any CPU
		{BB8B42FE-8C79-46AF-9FC9-8EDA5117D2D8}.Release|Any CPU.ActiveCfg = Release|Any CPU
		{BB8B42FE-8C79-46AF-9FC9-8EDA5117D2D8}.Release|Any CPU.Build.0 = Release|Any CPU
		{8B151F4A-513A-484E-A7E8-72A23D8EF8D2}.Debug|Any CPU.ActiveCfg = Debug|Any CPU
		{8B151F4A-513A-484E-A7E8-72A23D8EF8D2}.Debug|Any CPU.Build.0 = Debug|Any CPU
		{8B151F4A-513A-484E-A7E8-72A23D8EF8D2}.Release|Any CPU.ActiveCfg = Release|Any CPU
		{8B151F4A-513A-484E-A7E8-72A23D8EF8D2}.Release|Any CPU.Build.0 = Release|Any CPU
		{F17F6328-079F-4CBF-A987-E26ABEDD43F8}.Debug|Any CPU.ActiveCfg = Debug|Any CPU
		{F17F6328-079F-4CBF-A987-E26ABEDD43F8}.Debug|Any CPU.Build.0 = Debug|Any CPU
		{F17F6328-079F-4CBF-A987-E26ABEDD43F8}.Release|Any CPU.ActiveCfg = Release|Any CPU
		{F17F6328-079F-4CBF-A987-E26ABEDD43F8}.Release|Any CPU.Build.0 = Release|Any CPU
		{4FFEC044-3758-4D9A-A035-3EEE6869E763}.Debug|Any CPU.ActiveCfg = Debug|Any CPU
		{4FFEC044-3758-4D9A-A035-3EEE6869E763}.Debug|Any CPU.Build.0 = Debug|Any CPU
		{4FFEC044-3758-4D9A-A035-3EEE6869E763}.Release|Any CPU.ActiveCfg = Release|Any CPU
		{4FFEC044-3758-4D9A-A035-3EEE6869E763}.Release|Any CPU.Build.0 = Release|Any CPU
		{993B99DC-8D42-41CD-834B-97B3677B837D}.Debug|Any CPU.ActiveCfg = Debug|Any CPU
		{993B99DC-8D42-41CD-834B-97B3677B837D}.Debug|Any CPU.Build.0 = Debug|Any CPU
		{993B99DC-8D42-41CD-834B-97B3677B837D}.Release|Any CPU.ActiveCfg = Release|Any CPU
		{993B99DC-8D42-41CD-834B-97B3677B837D}.Release|Any CPU.Build.0 = Release|Any CPU
		{18D24E0D-26D0-49D6-823E-B120A86FB6BE}.Debug|Any CPU.ActiveCfg = Debug|Any CPU
		{18D24E0D-26D0-49D6-823E-B120A86FB6BE}.Debug|Any CPU.Build.0 = Debug|Any CPU
		{18D24E0D-26D0-49D6-823E-B120A86FB6BE}.Release|Any CPU.ActiveCfg = Release|Any CPU
		{18D24E0D-26D0-49D6-823E-B120A86FB6BE}.Release|Any CPU.Build.0 = Release|Any CPU
		{8FDF78EF-DE4A-47DF-9D01-7C7A488A28CD}.Debug|Any CPU.ActiveCfg = Debug|Any CPU
		{8FDF78EF-DE4A-47DF-9D01-7C7A488A28CD}.Debug|Any CPU.Build.0 = Debug|Any CPU
		{8FDF78EF-DE4A-47DF-9D01-7C7A488A28CD}.Release|Any CPU.ActiveCfg = Release|Any CPU
		{8FDF78EF-DE4A-47DF-9D01-7C7A488A28CD}.Release|Any CPU.Build.0 = Release|Any CPU
		{9EC2DC95-D5F3-46DB-AD95-CFA9F549F35E}.Debug|Any CPU.ActiveCfg = Debug|Any CPU
		{9EC2DC95-D5F3-46DB-AD95-CFA9F549F35E}.Debug|Any CPU.Build.0 = Debug|Any CPU
		{9EC2DC95-D5F3-46DB-AD95-CFA9F549F35E}.Release|Any CPU.ActiveCfg = Release|Any CPU
		{9EC2DC95-D5F3-46DB-AD95-CFA9F549F35E}.Release|Any CPU.Build.0 = Release|Any CPU
		{7CB82DB2-6CE8-48B7-BEE4-7319C67860A1}.Debug|Any CPU.ActiveCfg = Debug|Any CPU
		{7CB82DB2-6CE8-48B7-BEE4-7319C67860A1}.Debug|Any CPU.Build.0 = Debug|Any CPU
		{7CB82DB2-6CE8-48B7-BEE4-7319C67860A1}.Release|Any CPU.ActiveCfg = Release|Any CPU
		{7CB82DB2-6CE8-48B7-BEE4-7319C67860A1}.Release|Any CPU.Build.0 = Release|Any CPU
		{EC7B981F-7C31-44FF-BE57-1A1116CA588A}.Debug|Any CPU.ActiveCfg = Debug|Any CPU
		{EC7B981F-7C31-44FF-BE57-1A1116CA588A}.Debug|Any CPU.Build.0 = Debug|Any CPU
		{EC7B981F-7C31-44FF-BE57-1A1116CA588A}.Release|Any CPU.ActiveCfg = Release|Any CPU
		{EC7B981F-7C31-44FF-BE57-1A1116CA588A}.Release|Any CPU.Build.0 = Release|Any CPU
		{C04A4EA8-0B27-4545-B2A3-BFF0AE97E65F}.Debug|Any CPU.ActiveCfg = Debug|Any CPU
		{C04A4EA8-0B27-4545-B2A3-BFF0AE97E65F}.Debug|Any CPU.Build.0 = Debug|Any CPU
		{C04A4EA8-0B27-4545-B2A3-BFF0AE97E65F}.Release|Any CPU.ActiveCfg = Release|Any CPU
		{C04A4EA8-0B27-4545-B2A3-BFF0AE97E65F}.Release|Any CPU.Build.0 = Release|Any CPU
		{04C07285-FD79-4695-852E-05B7ECE3BAAB}.Debug|Any CPU.ActiveCfg = Debug|Any CPU
		{04C07285-FD79-4695-852E-05B7ECE3BAAB}.Debug|Any CPU.Build.0 = Debug|Any CPU
		{04C07285-FD79-4695-852E-05B7ECE3BAAB}.Release|Any CPU.ActiveCfg = Release|Any CPU
		{04C07285-FD79-4695-852E-05B7ECE3BAAB}.Release|Any CPU.Build.0 = Release|Any CPU
		{06B4FCE6-9A88-404C-923B-E5B54E972A56}.Debug|Any CPU.ActiveCfg = Debug|Any CPU
		{06B4FCE6-9A88-404C-923B-E5B54E972A56}.Debug|Any CPU.Build.0 = Debug|Any CPU
		{06B4FCE6-9A88-404C-923B-E5B54E972A56}.Release|Any CPU.ActiveCfg = Release|Any CPU
		{06B4FCE6-9A88-404C-923B-E5B54E972A56}.Release|Any CPU.Build.0 = Release|Any CPU
	EndGlobalSection
	GlobalSection(SolutionProperties) = preSolution
		HideSolutionNode = FALSE
	EndGlobalSection
EndGlobal
